{
    "_readme": [
        "This file locks the dependencies of your project to a known state",
        "Read more about it at https://getcomposer.org/doc/01-basic-usage.md#installing-dependencies",
        "This file is @generated automatically"
    ],
    "content-hash": "58075c564879dfdd75252b13b26a3af0",
    "packages": [
        {
            "name": "klan1/k1.lib-html",
            "version": "dev-master",
            "source": {
                "type": "git",
                "url": "https://github.com/klan1/k1.lib-html.git",
                "reference": "1affbd3620eef86b5608caa9436e71a780a07ace"
            },
            "dist": {
                "type": "zip",
                "url": "https://api.github.com/repos/klan1/k1.lib-html/zipball/1affbd3620eef86b5608caa9436e71a780a07ace",
                "reference": "1affbd3620eef86b5608caa9436e71a780a07ace",
                "shasum": ""
            },
            "require": {
                "php": "^8.2"
            },
            "default-branch": true,
            "type": "library",
            "autoload": {
                "psr-4": {
                    "k1lib\\html\\": "src/klan1/html/"
                }
            },
            "notification-url": "https://packagist.org/downloads/",
            "license": [
                "Apache-2.0"
            ],
            "description": "HTML components for k1lib",
            "support": {
                "issues": "https://github.com/klan1/k1.lib-html/issues",
                "source": "https://github.com/klan1/k1.lib-html/tree/master"
            },
            "time": "2026-05-26T06:54:33+00:00"
        }
    ],
    "packages-dev": [],
    "aliases": [],
    "minimum-stability": "dev",
    "stability-flags": {
        "klan1/k1.lib-html": 20
    },
    "prefer-stable": true,
    "prefer-lowest": false,
    "platform": {
        "php": "^8.2"
    },
    "platform-dev": [],
    "plugin-api-version": "2.6.0"
}
